
Microsoft Visual Studio Solution File, Format Version 12.00
# Visual Studio Version 16
VisualStudioVersion = 16.0.31112.23
MinimumVisualStudioVersion = 10.0.40219.1
Project("{FAE04EC0-301F-11D3-BF4B-00C04F79EFBC}") = "CompanyApi", "CompanyApi\CompanyApi.csproj", "{C42A25BF-0056-4162-9AF4-4FEA91B49C56}"
EndProject
Global
	GlobalSection(SolutionConfigurationPlatforms) = preSolution
		Debug|Any CPU = Debug|Any CPU
		Release|Any CPU = Release|Any CPU
	EndGlobalSection
	GlobalSection(ProjectConfigurationPlatforms) = postSolution
		{C42A25BF-0056-4162-9AF4-4FEA91B49C56}.Debug|Any CPU.ActiveCfg = Debug|Any CPU
		{C42A25BF-0056-4162-9AF4-4FEA91B49C56}.Debug|Any CPU.Build.0 = Debug|Any CPU
		{C42A25BF-0056-4162-9AF4-4FEA91B49C56}.Release|Any CPU.ActiveCfg = Release|Any CPU
		{C42A25BF-0056-4162-9AF4-4FEA91B49C56}.Release|Any CPU.Build.0 = Release|Any CPU
	EndGlobalSection
	GlobalSection(SolutionProperties) = preSolution
		HideSolutionNode = FALSE
	EndGlobalSection
	GlobalSection(ExtensibilityGlobals) = postSolution
		SolutionGuid = {4547DAE0-5AAD-40C7-83A6-CF0E331BB191}
	EndGlobalSection
EndGlobal
