
Microsoft Visual Studio Solution File, Format Version 12.00
# Visual Studio Version 16
VisualStudioVersion = 16.0.31112.23
MinimumVisualStudioVersion = 10.0.40219.1
Project("{FAE04EC0-301F-11D3-BF4B-00C04F79EFBC}") = "WebApiAjax", "WebApiAjax\WebApiAjax.csproj", "{5A19ECE5-45CE-44A3-B276-8E91EE6F76F1}"
EndProject
Global
	GlobalSection(SolutionConfigurationPlatforms) = preSolution
		Debug|Any CPU = Debug|Any CPU
		Release|Any CPU = Release|Any CPU
	EndGlobalSection
	GlobalSection(ProjectConfigurationPlatforms) = postSolution
		{5A19ECE5-45CE-44A3-B276-8E91EE6F76F1}.Debug|Any CPU.ActiveCfg = Debug|Any CPU
		{5A19ECE5-45CE-44A3-B276-8E91EE6F76F1}.Debug|Any CPU.Build.0 = Debug|Any CPU
		{5A19ECE5-45CE-44A3-B276-8E91EE6F76F1}.Release|Any CPU.ActiveCfg = Release|Any CPU
		{5A19ECE5-45CE-44A3-B276-8E91EE6F76F1}.Release|Any CPU.Build.0 = Release|Any CPU
	EndGlobalSection
	GlobalSection(SolutionProperties) = preSolution
		HideSolutionNode = FALSE
	EndGlobalSection
	GlobalSection(ExtensibilityGlobals) = postSolution
		SolutionGuid = {663E254F-B185-4096-A62F-E7611CA5D018}
	EndGlobalSection
EndGlobal
